
Microsoft Visual Studio Solution File, Format Version 12.00
# Visual Studio Version 17
VisualStudioVersion = 17.5.33414.496
MinimumVisualStudioVersion = 10.0.40219.1
Project("{9A19103F-16F7-4668-BE54-9A1E7A4F7556}") = "JNI", "JNI\JNI.csproj", "{4CFC3392-D038-4E98-8C42-DBF372FAB3F3}"
EndProject
Project("{9A19103F-16F7-4668-BE54-9A1E7A4F7556}") = "JNI.Core", "JNI.Core\JNI.Core.csproj", "{D367B7D6-E6D1-47A9-AE83-6D3AE503F17C}"
EndProject
Project("{FAE04EC0-301F-11D3-BF4B-00C04F79EFBC}") = "Auxiliary", "Auxiliary\Auxiliary.csproj", "{0EA1D7B5-3A00-48EC-9FEC-133491469703}"
EndProject
Global
	GlobalSection(SolutionConfigurationPlatforms) = preSolution
		Debug|Any CPU = Debug|Any CPU
		Debug|x64 = Debug|x64
		Debug|x86 = Debug|x86
		Release|Any CPU = Release|Any CPU
		Release|x64 = Release|x64
		Release|x86 = Release|x86
	EndGlobalSection
	GlobalSection(ProjectConfigurationPlatforms) = postSolution
		{4CFC3392-D038-4E98-8C42-DBF372FAB3F3}.Debug|Any CPU.ActiveCfg = Debug|Any CPU
		{4CFC3392-D038-4E98-8C42-DBF372FAB3F3}.Debug|Any CPU.Build.0 = Debug|Any CPU
		{4CFC3392-D038-4E98-8C42-DBF372FAB3F3}.Debug|x64.ActiveCfg = Debug|Any CPU
		{4CFC3392-D038-4E98-8C42-DBF372FAB3F3}.Debug|x64.Build.0 = Debug|Any CPU
		{4CFC3392-D038-4E98-8C42-DBF372FAB3F3}.Debug|x86.ActiveCfg = Debug|Any CPU
		{4CFC3392-D038-4E98-8C42-DBF372FAB3F3}.Debug|x86.Build.0 = Debug|Any CPU
		{4CFC3392-D038-4E98-8C42-DBF372FAB3F3}.Release|Any CPU.ActiveCfg = Release|Any CPU
		{4CFC3392-D038-4E98-8C42-DBF372FAB3F3}.Release|Any CPU.Build.0 = Release|Any CPU
		{4CFC3392-D038-4E98-8C42-DBF372FAB3F3}.Release|x64.ActiveCfg = Release|Any CPU
		{4CFC3392-D038-4E98-8C42-DBF372FAB3F3}.Release|x64.Build.0 = Release|Any CPU
		{4CFC3392-D038-4E98-8C42-DBF372FAB3F3}.Release|x86.ActiveCfg = Release|Any CPU
		{4CFC3392-D038-4E98-8C42-DBF372FAB3F3}.Release|x86.Build.0 = Release|Any CPU
		{D367B7D6-E6D1-47A9-AE83-6D3AE503F17C}.Debug|Any CPU.ActiveCfg = Debug|Any CPU
		{D367B7D6-E6D1-47A9-AE83-6D3AE503F17C}.Debug|Any CPU.Build.0 = Debug|Any CPU
		{D367B7D6-E6D1-47A9-AE83-6D3AE503F17C}.Debug|x64.ActiveCfg = Debug|Any CPU
		{D367B7D6-E6D1-47A9-AE83-6D3AE503F17C}.Debug|x64.Build.0 = Debug|Any CPU
		{D367B7D6-E6D1-47A9-AE83-6D3AE503F17C}.Debug|x86.ActiveCfg = Debug|Any CPU
		{D367B7D6-E6D1-47A9-AE83-6D3AE503F17C}.Debug|x86.Build.0 = Debug|Any CPU
		{D367B7D6-E6D1-47A9-AE83-6D3AE503F17C}.Release|Any CPU.ActiveCfg = Release|Any CPU
		{D367B7D6-E6D1-47A9-AE83-6D3AE503F17C}.Release|Any CPU.Build.0 = Release|Any CPU
		{D367B7D6-E6D1-47A9-AE83-6D3AE503F17C}.Release|x64.ActiveCfg = Release|Any CPU
		{D367B7D6-E6D1-47A9-AE83-6D3AE503F17C}.Release|x64.Build.0 = Release|Any CPU
		{D367B7D6-E6D1-47A9-AE83-6D3AE503F17C}.Release|x86.ActiveCfg = Release|Any CPU
		{D367B7D6-E6D1-47A9-AE83-6D3AE503F17C}.Release|x86.Build.0 = Release|Any CPU
		{0EA1D7B5-3A00-48EC-9FEC-133491469703}.Debug|Any CPU.ActiveCfg = Debug|Any CPU
		{0EA1D7B5-3A00-48EC-9FEC-133491469703}.Debug|Any CPU.Build.0 = Debug|Any CPU
		{0EA1D7B5-3A00-48EC-9FEC-133491469703}.Debug|x64.ActiveCfg = Debug|Any CPU
		{0EA1D7B5-3A00-48EC-9FEC-133491469703}.Debug|x64.Build.0 = Debug|Any CPU
		{0EA1D7B5-3A00-48EC-9FEC-133491469703}.Debug|x86.ActiveCfg = Debug|Any CPU
		{0EA1D7B5-3A00-48EC-9FEC-133491469703}.Debug|x86.Build.0 = Debug|Any CPU
		{0EA1D7B5-3A00-48EC-9FEC-133491469703}.Release|Any CPU.ActiveCfg = Release|Any CPU
		{0EA1D7B5-3A00-48EC-9FEC-133491469703}.Release|Any CPU.Build.0 = Release|Any CPU
		{0EA1D7B5-3A00-48EC-9FEC-133491469703}.Release|x64.ActiveCfg = Release|Any CPU
		{0EA1D7B5-3A00-48EC-9FEC-133491469703}.Release|x64.Build.0 = Release|Any CPU
		{0EA1D7B5-3A00-48EC-9FEC-133491469703}.Release|x86.ActiveCfg = Release|Any CPU
		{0EA1D7B5-3A00-48EC-9FEC-133491469703}.Release|x86.Build.0 = Release|Any CPU
	EndGlobalSection
	GlobalSection(SolutionProperties) = preSolution
		HideSolutionNode = FALSE
	EndGlobalSection
	GlobalSection(ExtensibilityGlobals) = postSolution
		SolutionGuid = {3DB776EF-BF76-485F-8F22-5EAD341276BC}
	EndGlobalSection
EndGlobal
